
Microsoft Visual Studio Solution File, Format Version 12.00
# Visual Studio Version 17
VisualStudioVersion = 17.0.31903.59
MinimumVisualStudioVersion = 10.0.40219.1
Project("{FAE04EC0-301F-11D3-BF4B-00C04F79EFBC}") = "Orderly.Catalog", "OrderlyCatalog\Orderly.Catalog\Orderly.Catalog.csproj", "{B85EF846-5F41-EF97-6CE1-478B65515777}"
EndProject
Project("{FAE04EC0-301F-11D3-BF4B-00C04F79EFBC}") = "Orderly.Catalog.Application", "OrderlyCatalog\Orderly.Catalog.Application\Orderly.Catalog.Application.csproj", "{56C57895-6EE2-2A37-461D-953E4B4428D9}"
EndProject
Project("{FAE04EC0-301F-11D3-BF4B-00C04F79EFBC}") = "Orderly.Catalog.Application.Tests", "OrderlyCatalog\Orderly.Catalog.Application.Tests\Orderly.Catalog.Application.Tests.csproj", "{615BFF4D-693D-DE7C-F358-B9CCE7B47635}"
EndProject
Project("{FAE04EC0-301F-11D3-BF4B-00C04F79EFBC}") = "Orderly.Catalog.Domain", "OrderlyCatalog\Orderly.Catalog.Domain\Orderly.Catalog.Domain.csproj", "{92A1B88C-524C-CF6A-5331-68F438CD5F92}"
EndProject
Project("{FAE04EC0-301F-11D3-BF4B-00C04F79EFBC}") = "Orderly.Catalog.Infrastructure", "OrderlyCatalog\Orderly.Catalog.Infrastructure\Orderly.Catalog.Infrastructure.csproj", "{4F4936E2-00D7-8970-3EAF-C9FA12600D98}"
EndProject
Project("{FAE04EC0-301F-11D3-BF4B-00C04F79EFBC}") = "Orderly.Catalog.IntegrationTests", "OrderlyCatalog\Orderly.Catalog.IntegrationTests\Orderly.Catalog.IntegrationTests.csproj", "{E0D868CB-FC87-589A-1002-1776C0E081BB}"
EndProject
Global
	GlobalSection(SolutionConfigurationPlatforms) = preSolution
		Debug|Any CPU = Debug|Any CPU
		Release|Any CPU = Release|Any CPU
	EndGlobalSection
	GlobalSection(ProjectConfigurationPlatforms) = postSolution
		{B85EF846-5F41-EF97-6CE1-478B65515777}.Debug|Any CPU.ActiveCfg = Debug|Any CPU
		{B85EF846-5F41-EF97-6CE1-478B65515777}.Debug|Any CPU.Build.0 = Debug|Any CPU
		{B85EF846-5F41-EF97-6CE1-478B65515777}.Release|Any CPU.ActiveCfg = Release|Any CPU
		{B85EF846-5F41-EF97-6CE1-478B65515777}.Release|Any CPU.Build.0 = Release|Any CPU
		{56C57895-6EE2-2A37-461D-953E4B4428D9}.Debug|Any CPU.ActiveCfg = Debug|Any CPU
		{56C57895-6EE2-2A37-461D-953E4B4428D9}.Debug|Any CPU.Build.0 = Debug|Any CPU
		{56C57895-6EE2-2A37-461D-953E4B4428D9}.Release|Any CPU.ActiveCfg = Release|Any CPU
		{56C57895-6EE2-2A37-461D-953E4B4428D9}.Release|Any CPU.Build.0 = Release|Any CPU
		{615BFF4D-693D-DE7C-F358-B9CCE7B47635}.Debug|Any CPU.ActiveCfg = Debug|Any CPU
		{615BFF4D-693D-DE7C-F358-B9CCE7B47635}.Debug|Any CPU.Build.0 = Debug|Any CPU
		{615BFF4D-693D-DE7C-F358-B9CCE7B47635}.Release|Any CPU.ActiveCfg = Release|Any CPU
		{615BFF4D-693D-DE7C-F358-B9CCE7B47635}.Release|Any CPU.Build.0 = Release|Any CPU
		{92A1B88C-524C-CF6A-5331-68F438CD5F92}.Debug|Any CPU.ActiveCfg = Debug|Any CPU
		{92A1B88C-524C-CF6A-5331-68F438CD5F92}.Debug|Any CPU.Build.0 = Debug|Any CPU
		{92A1B88C-524C-CF6A-5331-68F438CD5F92}.Release|Any CPU.ActiveCfg = Release|Any CPU
		{92A1B88C-524C-CF6A-5331-68F438CD5F92}.Release|Any CPU.Build.0 = Release|Any CPU
		{4F4936E2-00D7-8970-3EAF-C9FA12600D98}.Debug|Any CPU.ActiveCfg = Debug|Any CPU
		{4F4936E2-00D7-8970-3EAF-C9FA12600D98}.Debug|Any CPU.Build.0 = Debug|Any CPU
		{4F4936E2-00D7-8970-3EAF-C9FA12600D98}.Release|Any CPU.ActiveCfg = Release|Any CPU
		{4F4936E2-00D7-8970-3EAF-C9FA12600D98}.Release|Any CPU.Build.0 = Release|Any CPU
		{E0D868CB-FC87-589A-1002-1776C0E081BB}.Debug|Any CPU.ActiveCfg = Debug|Any CPU
		{E0D868CB-FC87-589A-1002-1776C0E081BB}.Debug|Any CPU.Build.0 = Debug|Any CPU
		{E0D868CB-FC87-589A-1002-1776C0E081BB}.Release|Any CPU.ActiveCfg = Release|Any CPU
		{E0D868CB-FC87-589A-1002-1776C0E081BB}.Release|Any CPU.Build.0 = Release|Any CPU
	EndGlobalSection
	GlobalSection(SolutionProperties) = preSolution
		HideSolutionNode = FALSE
	EndGlobalSection
	GlobalSection(ExtensibilityGlobals) = postSolution
		SolutionGuid = {9D5682A9-406D-4D00-8063-4D59C4E9263A}
	EndGlobalSection
EndGlobal
